
Microsoft Visual Studio Solution File, Format Version 12.00
# Visual Studio Version 17
VisualStudioVersion = 17.3.32929.385
MinimumVisualStudioVersion = 10.0.40219.1
Project("{9A19103F-16F7-4668-BE54-9A1E7A4F7556}") = "csapp", "csapp\csapp.csproj", "{6594B0DC-C0B0-4998-88A7-8832160BA380}"
EndProject
Project("{9A19103F-16F7-4668-BE54-9A1E7A4F7556}") = "iformattable_oop", "iformattable_oop\iformattable_oop.csproj", "{CFC7DF20-B10E-4B49-A50D-5363AF38F464}"
EndProject
Project("{9A19103F-16F7-4668-BE54-9A1E7A4F7556}") = "icloneable_oop", "icloneable_oop\icloneable_oop.csproj", "{454D7988-85D0-4268-BB8A-FEEFB6F860FF}"
EndProject
Project("{9A19103F-16F7-4668-BE54-9A1E7A4F7556}") = "icomparable_oop", "icomparable_oop\icomparable_oop.csproj", "{FC99938F-3047-4258-85DD-87E7DBEF5FF7}"
EndProject
Project("{9A19103F-16F7-4668-BE54-9A1E7A4F7556}") = "icomparable_T_oop", "icomparable_T_oop\icomparable_T_oop.csproj", "{8CB0736C-F34D-4ACA-8544-7405CBD56630}"
EndProject
Project("{9A19103F-16F7-4668-BE54-9A1E7A4F7556}") = "ienumerator_oop", "ienumerator_oop\ienumerator_oop.csproj", "{8EC5824F-A210-4353-80D0-A8354F2C1FDF}"
EndProject
Project("{9A19103F-16F7-4668-BE54-9A1E7A4F7556}") = "ienumerable_oop", "ienumerable_oop\ienumerable_oop.csproj", "{AB19A167-3A4A-483C-8E76-51BC76BFF154}"
EndProject
Project("{FAE04EC0-301F-11D3-BF4B-00C04F79EFBC}") = "interface_loosely_coupled_oop", "interface_loosely_coupled_oop\interface_loosely_coupled_oop.csproj", "{42F24D18-A49C-4785-B3E4-306872A31EFD}"
EndProject
Global
	GlobalSection(SolutionConfigurationPlatforms) = preSolution
		Debug|Any CPU = Debug|Any CPU
		Release|Any CPU = Release|Any CPU
	EndGlobalSection
	GlobalSection(ProjectConfigurationPlatforms) = postSolution
		{6594B0DC-C0B0-4998-88A7-8832160BA380}.Debug|Any CPU.ActiveCfg = Debug|Any CPU
		{6594B0DC-C0B0-4998-88A7-8832160BA380}.Debug|Any CPU.Build.0 = Debug|Any CPU
		{6594B0DC-C0B0-4998-88A7-8832160BA380}.Release|Any CPU.ActiveCfg = Release|Any CPU
		{6594B0DC-C0B0-4998-88A7-8832160BA380}.Release|Any CPU.Build.0 = Release|Any CPU
		{CFC7DF20-B10E-4B49-A50D-5363AF38F464}.Debug|Any CPU.ActiveCfg = Debug|Any CPU
		{CFC7DF20-B10E-4B49-A50D-5363AF38F464}.Debug|Any CPU.Build.0 = Debug|Any CPU
		{CFC7DF20-B10E-4B49-A50D-5363AF38F464}.Release|Any CPU.ActiveCfg = Release|Any CPU
		{CFC7DF20-B10E-4B49-A50D-5363AF38F464}.Release|Any CPU.Build.0 = Release|Any CPU
		{454D7988-85D0-4268-BB8A-FEEFB6F860FF}.Debug|Any CPU.ActiveCfg = Debug|Any CPU
		{454D7988-85D0-4268-BB8A-FEEFB6F860FF}.Debug|Any CPU.Build.0 = Debug|Any CPU
		{454D7988-85D0-4268-BB8A-FEEFB6F860FF}.Release|Any CPU.ActiveCfg = Release|Any CPU
		{454D7988-85D0-4268-BB8A-FEEFB6F860FF}.Release|Any CPU.Build.0 = Release|Any CPU
		{FC99938F-3047-4258-85DD-87E7DBEF5FF7}.Debug|Any CPU.ActiveCfg = Debug|Any CPU
		{FC99938F-3047-4258-85DD-87E7DBEF5FF7}.Debug|Any CPU.Build.0 = Debug|Any CPU
		{FC99938F-3047-4258-85DD-87E7DBEF5FF7}.Release|Any CPU.ActiveCfg = Release|Any CPU
		{FC99938F-3047-4258-85DD-87E7DBEF5FF7}.Release|Any CPU.Build.0 = Release|Any CPU
		{8CB0736C-F34D-4ACA-8544-7405CBD56630}.Debug|Any CPU.ActiveCfg = Debug|Any CPU
		{8CB0736C-F34D-4ACA-8544-7405CBD56630}.Debug|Any CPU.Build.0 = Debug|Any CPU
		{8CB0736C-F34D-4ACA-8544-7405CBD56630}.Release|Any CPU.ActiveCfg = Release|Any CPU
		{8CB0736C-F34D-4ACA-8544-7405CBD56630}.Release|Any CPU.Build.0 = Release|Any CPU
		{8EC5824F-A210-4353-80D0-A8354F2C1FDF}.Debug|Any CPU.ActiveCfg = Debug|Any CPU
		{8EC5824F-A210-4353-80D0-A8354F2C1FDF}.Debug|Any CPU.Build.0 = Debug|Any CPU
		{8EC5824F-A210-4353-80D0-A8354F2C1FDF}.Release|Any CPU.ActiveCfg = Release|Any CPU
		{8EC5824F-A210-4353-80D0-A8354F2C1FDF}.Release|Any CPU.Build.0 = Release|Any CPU
		{AB19A167-3A4A-483C-8E76-51BC76BFF154}.Debug|Any CPU.ActiveCfg = Debug|Any CPU
		{AB19A167-3A4A-483C-8E76-51BC76BFF154}.Debug|Any CPU.Build.0 = Debug|Any CPU
		{AB19A167-3A4A-483C-8E76-51BC76BFF154}.Release|Any CPU.ActiveCfg = Release|Any CPU
		{AB19A167-3A4A-483C-8E76-51BC76BFF154}.Release|Any CPU.Build.0 = Release|Any CPU
		{42F24D18-A49C-4785-B3E4-306872A31EFD}.Debug|Any CPU.ActiveCfg = Debug|Any CPU
		{42F24D18-A49C-4785-B3E4-306872A31EFD}.Debug|Any CPU.Build.0 = Debug|Any CPU
		{42F24D18-A49C-4785-B3E4-306872A31EFD}.Release|Any CPU.ActiveCfg = Release|Any CPU
		{42F24D18-A49C-4785-B3E4-306872A31EFD}.Release|Any CPU.Build.0 = Release|Any CPU
	EndGlobalSection
	GlobalSection(SolutionProperties) = preSolution
		HideSolutionNode = FALSE
	EndGlobalSection
	GlobalSection(ExtensibilityGlobals) = postSolution
		SolutionGuid = {C237D388-42F1-42BA-8865-134FE193D01E}
	EndGlobalSection
EndGlobal
